github.com/asaskevich/govalidator v0.0.0-20170104211126-fdf19785fd35 h1:jtOyR8GH6bAopQsGgvAhTLbp2kIgGw5hJpfRoFjr6AI=
github.com/asaskevich/govalidator v0.0.0-20170104211126-fdf19785fd35/go.mod h1:lB+ZfQJz7igIIfQNfa7Ml4HSf2uFQQRzpGGRXenZAgY=
github.com/cloudfoundry/archiver v0.0.0-20160705185641-adbf9ed80351 h1:Kfi155nVcomX5oP79dkHvuD7LlnC8bN3V4QJ1G1zNEQ=
github.com/cloudfoundry/archiver v0.0.0-20160705185641-adbf9ed80351/go.mod h1:HLXClQAkU5fbSR1T5nWyhrf0LgHAl6rnSGZMyIcXvIU=
github.com/davecgh/go-spew v1.1.0 h1:ZDRjVQ15GmhC3fiQ8ni8+OwkZQO4DARzQgrnXU1Liz8=
github.com/davecgh/go-spew v1.1.0/go.mod h1:J7Y8YcW2NihsgmVo/mv3lAwl/skON4iLHjSsI+c5H38=
github.com/fsnotify/fsnotify v1.4.3-0.20161026203122-fd9ec7deca8b h1:bZQ3Z4jYxLufSFf7zo/cLJ/1WahBEMPCFsgcOjzAAzA=
github.com/fsnotify/fsnotify v1.4.3-0.20161026203122-fd9ec7deca8b/go.mod h1:jwhsz4b93w/PPRr/qN1Yymfu8t87LnFCMoQvtojpjFo=
github.com/hashicorp/hcl v0.0.0-20170109002515-eb6f65b2d77e h1:nDwTWZTdqvbJx0HWjKIqhNCCVoBpMaG0vBu5AsOs8GE=
github.com/hashicorp/hcl v0.0.0-20170109002515-eb6f65b2d77e/go.mod h1:oZtUIOe8dh44I2q6ScRibXws4Ajl+d+nod3AaR9vL5w=
github.com/inconshreveable/mousetrap v1.0.0/go.mod h1:PxqpIevigyE2G7u3NXJIT2ANytuPF1OarO4DADm73n8=
github.com/magiconair/properties v1.7.1-0.20161128003514-9c47895dc1ce h1:zR2ad43YVTYJZlNgzzljHtLOEpcAWiIygkmff4W3MC0=
github.com/magiconair/properties v1.7.1-0.20161128003514-9c47895dc1ce/go.mod h1:PppfXfuXeibc/6YijjN8zIbojt8czPbwD3XqdrwzmxQ=
github.com/mitchellh/mapstructure v0.0.0-20161211222315-bfdb1a85537d h1:/4fbtrvwbe2SNQsEFX9ZzXYsLiP17QJxXYXfzEYiDe8=
github.com/mitchellh/mapstructure v0.0.0-20161211222315-bfdb1a85537d/go.mod h1:FVVH3fgwuzCH5S8UJGiWEs2h04kUh9fWfEaFds41c1Y=
github.com/onsi/gomega v0.0.0-20161118205129-f1f0f388b31e h1:LvgsjG0xVufTzEfSK5jwC3vYGHA7A7zzVrr85O+IEHc=
github.com/onsi/gomega v0.0.0-20161118205129-f1f0f388b31e/go.mod h1:C1qb7wdrVGGVU+Z6iS04AVkA3Q65CEZX59MT0QO5uiA=
github.com/pelletier/go-buffruneio v0.1.0 h1:ig6N9Cg71k/P+UUbhwdOFtJWz+qa8/3by7AzMprMWBM=
github.com/pelletier/go-buffruneio v0.1.0/go.mod h1:JkE26KsDizTr40EUHkXVtNPvgGtbSNq5BcowyYOWdKo=
github.com/pelletier/go-toml v0.4.1-0.20161229185104-439fbba1f887 h1:sJpqio/O31a3CI4SIJOBVCHpmAWSQ5Zt323Gzekx9FU=
github.com/pelletier/go-toml v0.4.1-0.20161229185104-439fbba1f887/go.mod h1:5z9KED0ma1S8pY6P1sdut58dfprrGBbd/94hg7ilaic=
github.com/pmezard/go-difflib v1.0.0 h1:4DBwDE0NGyQoBHbLQYPwSUPoCMWR5BEzIk/f1lZbAQM=
github.com/pmezard/go-difflib v1.0.0/go.mod h1:iKH77koFhYxTK1pcRnkKkqfTogsbg7gZNVY4sRDYZ/4=
github.com/spf13/afero v0.0.0-20170109225320-72b31426848c h1:VVHW16mESk7X3XGrP5kfqhkCR3ZUoub3E/hzUZ0rCo8=
github.com/spf13/afero v0.0.0-20170109225320-72b31426848c/go.mod h1:j4pytiNVoe2o6bmDsKpLACNPDBIoEAkihy7loJ1B0CQ=
github.com/spf13/cast v0.0.0-20161225125648-56a7ecbeb18d h1:JeN/3mbMUQqaYRHZLZ8hfRp94BCg9aEgM6JYIlYdSVk=
github.com/spf13/cast v0.0.0-20161225125648-56a7ecbeb18d/go.mod h1:r2rcYCSwa1IExKTDiTfzaxqT2FNHs8hODu4LnUfgKEg=
github.com/spf13/cobra v0.0.0-20161229075922-1dd5ff2e11b6 h1:26c5REGQiy67ULL3tWUBLupIFv6/hJzX+pK2tjesai0=
github.com/spf13/cobra v0.0.0-20161229075922-1dd5ff2e11b6/go.mod h1:1l0Ry5zgKvJasoi3XT1TypsSe7PqH0Sj9dhYf7v3XqQ=
github.com/spf13/jwalterweatherman v0.0.0-20170109133355-fa7ca7e836cf h1:F3R4gmObzwZfjwH3hCs9WIyyTPjL5yC/cfdsW5hORhI=
github.com/spf13/jwalterweatherman v0.0.0-20170109133355-fa7ca7e836cf/go.mod h1:cQK4TGJAtQXfYWX+Ddv3mKDzgVb68N+wFjFa4jdeBTo=
github.com/spf13/pflag v0.0.0-20161214044949-25f8b5b07aec h1:TbHTFKnUYKG4v1xUP1vkxBvg23NAK3wailYVzDRKnTA=
github.com/spf13/pflag v0.0.0-20161214044949-25f8b5b07aec/go.mod h1:DYY7MBk1bdzusC3SYhjObp+wFpr4gzcvqqNjLnInEg4=
github.com/spf13/viper v0.0.0-20161213093849-5ed0fc31f7f4 h1:bNX/r+R6eIb/3FXQda95HfnWbNL3B+h7tBVtoI8xSpc=
github.com/spf13/viper v0.0.0-20161213093849-5ed0fc31f7f4/go.mod h1:A8kyI5cUJhb8N+3pkfONlcEcZbueH6nhAm0Fq7SrnBM=
github.com/stretchr/objx v0.1.0/go.mod h1:HFkY916IF+rwdDfMAkV7OtwuqBVzrE8GR6GFx+wExME=
github.com/stretchr/testify v1.4.0 h1:2E4SXV/wtOkTonXsotYi4li6zVWxYlZuYNCXe9XRJyk=
github.com/stretchr/testify v1.4.0/go.mod h1:j7eGeouHqKxXV5pUuKE4zz7dFj8WfuZ+81PSLYec5m4=
golang.org/x/sys v0.0.0-20161214190518-d75a52659825 h1:4d9VvrP9mESHxCpAwE1G5e1D8Ybj9v7pX19HkGQV0lk=
golang.org/x/sys v0.0.0-20161214190518-d75a52659825/go.mod h1:STP8DvDyc/dI5b8T5hshtkjS+E42TnysNCUPdjciGhY=
golang.org/x/text v0.0.0-20170105193844-44f4f658a783 h1:LBoKXIkGGk+t9tJAfwX47cpR8RUGauG9U6kk0LtGc6w=
golang.org/x/text v0.0.0-20170105193844-44f4f658a783/go.mod h1:NqM8EUOU14njkJ3fqMW+pc6Ldnwhi/IjpwHt7yyuwOQ=
gopkg.in/check.v1 v0.0.0-20161208181325-20d25e280405/go.mod h1:Co6ibVJAznAaIkqp8huTwlJQCZ016jof/cbN4VW5Yz0=
gopkg.in/yaml.v2 v2.0.0-20160928153709-a5b47d31c556 h1:hKXbLW5oaJoQgs8KrzTLdF4PoHi+0oQPgea9TNtvE3E=
gopkg.in/yaml.v2 v2.0.0-20160928153709-a5b47d31c556/go.mod h1:JAlM8MvJe8wmxCU4Bli9HhUf9+ttbYbLASfIpnQbh74=
gopkg.in/yaml.v2 v2.2.2 h1:ZCJp+EgiOT7lHqUV2J862kp8Qj64Jo6az82+3Td9dZw=
gopkg.in/yaml.v2 v2.2.2/go.mod h1:hI93XBmqTisBFMUTm0b8Fm+jr3Dg1NNxqwp+5A1VGuI=
